
Microsoft Visual Studio Solution File, Format Version 12.00
# Visual Studio Version 17
VisualStudioVersion = 17.9.34607.119
MinimumVisualStudioVersion = 10.0.40219.1
Project("{8BC9CEB8-8B4A-11D0-8D11-00A0C91BC942}") = "P4", "P4\P4.vcxproj", "{EB01A249-ACA3-418F-B4E7-882CAC7AE764}"
EndProject
Global
	GlobalSection(SolutionConfigurationPlatforms) = preSolution
		Debug|x64 = Debug|x64
		Debug|x86 = Debug|x86
		Release|x64 = Release|x64
		Release|x86 = Release|x86
	EndGlobalSection
	GlobalSection(ProjectConfigurationPlatforms) = postSolution
		{EB01A249-ACA3-418F-B4E7-882CAC7AE764}.Debug|x64.ActiveCfg = Debug|x64
		{EB01A249-ACA3-418F-B4E7-882CAC7AE764}.Debug|x64.Build.0 = Debug|x64
		{EB01A249-ACA3-418F-B4E7-882CAC7AE764}.Debug|x86.ActiveCfg = Debug|Win32
		{EB01A249-ACA3-418F-B4E7-882CAC7AE764}.Debug|x86.Build.0 = Debug|Win32
		{EB01A249-ACA3-418F-B4E7-882CAC7AE764}.Release|x64.ActiveCfg = Release|x64
		{EB01A249-ACA3-418F-B4E7-882CAC7AE764}.Release|x64.Build.0 = Release|x64
		{EB01A249-ACA3-418F-B4E7-882CAC7AE764}.Release|x86.ActiveCfg = Release|Win32
		{EB01A249-ACA3-418F-B4E7-882CAC7AE764}.Release|x86.Build.0 = Release|Win32
	EndGlobalSection
	GlobalSection(SolutionProperties) = preSolution
		HideSolutionNode = FALSE
	EndGlobalSection
	GlobalSection(ExtensibilityGlobals) = postSolution
		SolutionGuid = {966C0718-E370-4672-A575-DF465C57DBD9}
	EndGlobalSection
EndGlobal
